// !$*UTF8*$!
{
	archiveVersion = 1;
	classes = {
	};
	objectVersion = 55;
	objects = {

/* Begin PBXBuildFile section */
		FFC0FA8727F99FF900EA8B2B /* NewsApiCategory_SwiftUIApp.swift in Sources */ = {isa = PBXBuildFile; fileRef = FFC0FA8627F99FF900EA8B2B /* NewsApiCategory_SwiftUIApp.swift */; };
		FFC0FA8927F99FF900EA8B2B /* ContentView.swift in Sources */ = {isa = PBXBuildFile; fileRef = FFC0FA8827F99FF900EA8B2B /* ContentView.swift */; };
		FFC0FA8B27F99FF900EA8B2B /* Assets.xcassets in Resources */ = {isa = PBXBuildFile; fileRef = FFC0FA8A27F99FF900EA8B2B /* Assets.xcassets */; };
		FFC0FA8E27F99FF900EA8B2B /* Preview Assets.xcassets in Resources */ = {isa = PBXBuildFile; fileRef = FFC0FA8D27F99FF900EA8B2B /* Preview Assets.xcassets */; };
		FFC0FA9927F9A03500EA8B2B /* NewsModel.swift in Sources */ = {isa = PBXBuildFile; fileRef = FFC0FA9827F9A03500EA8B2B /* NewsModel.swift */; };
		FFC0FA9B27F9A04E00EA8B2B /* WebService.swift in Sources */ = {isa = PBXBuildFile; fileRef = FFC0FA9A27F9A04E00EA8B2B /* WebService.swift */; };
		FFC0FA9D27F9A0B500EA8B2B /* NewsViewModel.swift in Sources */ = {isa = PBXBuildFile; fileRef = FFC0FA9C27F9A0B500EA8B2B /* NewsViewModel.swift */; };
		FFC0FAA027F9A30500EA8B2B /* NewsScreen.swift in Sources */ = {isa = PBXBuildFile; fileRef = FFC0FA9F27F9A30500EA8B2B /* NewsScreen.swift */; };
		FFC0FAA327F9A32A00EA8B2B /* SDWebImageSwiftUI in Frameworks */ = {isa = PBXBuildFile; productRef = FFC0FAA227F9A32A00EA8B2B /* SDWebImageSwiftUI */; };
		FFC0FAA627F9A51C00EA8B2B /* CategoryView.swift in Sources */ = {isa = PBXBuildFile; fileRef = FFC0FAA527F9A51C00EA8B2B /* CategoryView.swift */; };
/* End PBXBuildFile section */

/* Begin PBXFileReference section */
		FFC0FA8327F99FF900EA8B2B /* NewsApiCategory-SwiftUI.app */ = {isa = PBXFileReference; explicitFileType = wrapper.application; includeInIndex = 0; path = "NewsApiCategory-SwiftUI.app"; sourceTree = BUILT_PRODUCTS_DIR; };
		FFC0FA8627F99FF900EA8B2B /* NewsApiCategory_SwiftUIApp.swift */ = {isa = PBXFileReference; lastKnownFileType = sourcecode.swift; path = NewsApiCategory_SwiftUIApp.swift; sourceTree = "<group>"; };
		FFC0FA8827F99FF900EA8B2B /* ContentView.swift */ = {isa = PBXFileReference; lastKnownFileType = sourcecode.swift; path = ContentView.swift; sourceTree = "<group>"; };
		FFC0FA8A27F99FF900EA8B2B /* Assets.xcassets */ = {isa = PBXFileReference; lastKnownFileType = folder.assetcatalog; path = Assets.xcassets; sourceTree = "<group>"; };
		FFC0FA8D27F99FF900EA8B2B /* Preview Assets.xcassets */ = {isa = PBXFileReference; lastKnownFileType = folder.assetcatalog; path = "Preview Assets.xcassets"; sourceTree = "<group>"; };
		FFC0FA9827F9A03500EA8B2B /* NewsModel.swift */ = {isa = PBXFileReference; lastKnownFileType = sourcecode.swift; path = NewsModel.swift; sourceTree = "<group>"; };
		FFC0FA9A27F9A04E00EA8B2B /* WebService.swift */ = {isa = PBXFileReference; lastKnownFileType = sourcecode.swift; path = WebService.swift; sourceTree = "<group>"; };
		FFC0FA9C27F9A0B500EA8B2B /* NewsViewModel.swift */ = {isa = PBXFileReference; lastKnownFileType = sourcecode.swift; path = NewsViewModel.swift; sourceTree = "<group>"; };
		FFC0FA9F27F9A30500EA8B2B /* NewsScreen.swift */ = {isa = PBXFileReference; lastKnownFileType = sourcecode.swift; path = NewsScreen.swift; sourceTree = "<group>"; };
		FFC0FAA527F9A51C00EA8B2B /* CategoryView.swift */ = {isa = PBXFileReference; lastKnownFileType = sourcecode.swift; path = CategoryView.swift; sourceTree = "<group>"; };
/* End PBXFileReference section */

/* Begin PBXFrameworksBuildPhase section */
		FFC0FA8027F99FF900EA8B2B /* Frameworks */ = {
			isa = PBXFrameworksBuildPhase;
			buildActionMask = 2147483647;
			files = (
				FFC0FAA327F9A32A00EA8B2B /* SDWebImageSwiftUI in Frameworks */,
			);
			runOnlyForDeploymentPostprocessing = 0;
		};
/* End PBXFrameworksBuildPhase section */

/* Begin PBXGroup section */
		FFC0FA7A27F99FF900EA8B2B = {
			isa = PBXGroup;
			children = (
				FFC0FA8527F99FF900EA8B2B /* NewsApiCategory-SwiftUI */,
				FFC0FA8427F99FF900EA8B2B /* Products */,
			);
			sourceTree = "<group>";
		};
		FFC0FA8427F99FF900EA8B2B /* Products */ = {
			isa = PBXGroup;
			children = (
				FFC0FA8327F99FF900EA8B2B /* NewsApiCategory-SwiftUI.app */,
			);
			name = Products;
			sourceTree = "<group>";
		};
		FFC0FA8527F99FF900EA8B2B /* NewsApiCategory-SwiftUI */ = {
			isa = PBXGroup;
			children = (
				FFC0FA9E27F9A2FA00EA8B2B /* Screen */,
				FFC0FA9727F9A01400EA8B2B /* Model */,
				FFC0FA9627F9A00F00EA8B2B /* Service */,
				FFC0FA9527F9A00B00EA8B2B /* ViewModel */,
				FFC0FA9427F9A00600EA8B2B /* View */,
				FFC0FA8627F99FF900EA8B2B /* NewsApiCategory_SwiftUIApp.swift */,
				FFC0FA8A27F99FF900EA8B2B /* Assets.xcassets */,
				FFC0FA8C27F99FF900EA8B2B /* Preview Content */,
			);
			path = "NewsApiCategory-SwiftUI";
			sourceTree = "<group>";
		};
		FFC0FA8C27F99FF900EA8B2B /* Preview Content */ = {
			isa = PBXGroup;
			children = (
				FFC0FA8D27F99FF900EA8B2B /* Preview Assets.xcassets */,
			);
			path = "Preview Content";
			sourceTree = "<group>";
		};
		FFC0FA9427F9A00600EA8B2B /* View */ = {
			isa = PBXGroup;
			children = (
				FFC0FA8827F99FF900EA8B2B /* ContentView.swift */,
			);
			path = View;
			sourceTree = "<group>";
		};
		FFC0FA9527F9A00B00EA8B2B /* ViewModel */ = {
			isa = PBXGroup;
			children = (
				FFC0FA9C27F9A0B500EA8B2B /* NewsViewModel.swift */,
			);
			path = ViewModel;
			sourceTree = "<group>";
		};
		FFC0FA9627F9A00F00EA8B2B /* Service */ = {
			isa = PBXGroup;
			children = (
				FFC0FA9A27F9A04E00EA8B2B /* WebService.swift */,
			);
			path = Service;
			sourceTree = "<group>";
		};
		FFC0FA9727F9A01400EA8B2B /* Model */ = {
			isa = PBXGroup;
			children = (
				FFC0FA9827F9A03500EA8B2B /* NewsModel.swift */,
			);
			path = Model;
			sourceTree = "<group>";
		};
		FFC0FA9E27F9A2FA00EA8B2B /* Screen */ = {
			isa = PBXGroup;
			children = (
				FFC0FA9F27F9A30500EA8B2B /* NewsScreen.swift */,
				FFC0FAA527F9A51C00EA8B2B /* CategoryView.swift */,
			);
			path = Screen;
			sourceTree = "<group>";
		};
/* End PBXGroup section */

/* Begin PBXNativeTarget section */
		FFC0FA8227F99FF900EA8B2B /* NewsApiCategory-SwiftUI */ = {
			isa = PBXNativeTarget;
			buildConfigurationList = FFC0FA9127F99FF900EA8B2B /* Build configuration list for PBXNativeTarget "NewsApiCategory-SwiftUI" */;
			buildPhases = (
				FFC0FA7F27F99FF900EA8B2B /* Sources */,
				FFC0FA8027F99FF900EA8B2B /* Frameworks */,
				FFC0FA8127F99FF900EA8B2B /* Resources */,
			);
			buildRules = (
			);
			dependencies = (
			);
			name = "NewsApiCategory-SwiftUI";
			packageProductDependencies = (
				FFC0FAA227F9A32A00EA8B2B /* SDWebImageSwiftUI */,
			);
			productName = "NewsApiCategory-SwiftUI";
			productReference = FFC0FA8327F99FF900EA8B2B /* NewsApiCategory-SwiftUI.app */;
			productType = "com.apple.product-type.application";
		};
/* End PBXNativeTarget section */

/* Begin PBXProject section */
		FFC0FA7B27F99FF900EA8B2B /* Project object */ = {
			isa = PBXProject;
			attributes = {
				BuildIndependentTargetsInParallel = 1;
				LastSwiftUpdateCheck = 1330;
				LastUpgradeCheck = 1330;
				TargetAttributes = {
					FFC0FA8227F99FF900EA8B2B = {
						CreatedOnToolsVersion = 13.3;
					};
				};
			};
			buildConfigurationList = FFC0FA7E27F99FF900EA8B2B /* Build configuration list for PBXProject "NewsApiCategory-SwiftUI" */;
			compatibilityVersion = "Xcode 13.0";
			developmentRegion = en;
			hasScannedForEncodings = 0;
			knownRegions = (
				en,
				Base,
			);
			mainGroup = FFC0FA7A27F99FF900EA8B2B;
			packageReferences = (
				FFC0FAA127F9A32A00EA8B2B /* XCRemoteSwiftPackageReference "SDWebImageSwiftUI" */,
			);
			productRefGroup = FFC0FA8427F99FF900EA8B2B /* Products */;
			projectDirPath = "";
			projectRoot = "";
			targets = (
				FFC0FA8227F99FF900EA8B2B /* NewsApiCategory-SwiftUI */,
			);
		};
/* End PBXProject section */

/* Begin PBXResourcesBuildPhase section */
		FFC0FA8127F99FF900EA8B2B /* Resources */ = {
			isa = PBXResourcesBuildPhase;
			buildActionMask = 2147483647;
			files = (
				FFC0FA8E27F99FF900EA8B2B /* Preview Assets.xcassets in Resources */,
				FFC0FA8B27F99FF900EA8B2B /* Assets.xcassets in Resources */,
			);
			runOnlyForDeploymentPostprocessing = 0;
		};
/* End PBXResourcesBuildPhase section */

/* Begin PBXSourcesBuildPhase section */
		FFC0FA7F27F99FF900EA8B2B /* Sources */ = {
			isa = PBXSourcesBuildPhase;
			buildActionMask = 2147483647;
			files = (
				FFC0FAA027F9A30500EA8B2B /* NewsScreen.swift in Sources */,
				FFC0FAA627F9A51C00EA8B2B /* CategoryView.swift in Sources */,
				FFC0FA9927F9A03500EA8B2B /* NewsModel.swift in Sources */,
				FFC0FA8927F99FF900EA8B2B /* ContentView.swift in Sources */,
				FFC0FA9D27F9A0B500EA8B2B /* NewsViewModel.swift in Sources */,
				FFC0FA9B27F9A04E00EA8B2B /* WebService.swift in Sources */,
				FFC0FA8727F99FF900EA8B2B /* NewsApiCategory_SwiftUIApp.swift in Sources */,
			);
			runOnlyForDeploymentPostprocessing = 0;
		};
/* End PBXSourcesBuildPhase section */

/* Begin XCBuildConfiguration section */
		FFC0FA8F27F99FF900EA8B2B /* Debug */ = {
			isa = XCBuildConfiguration;
			buildSettings = {
				ALWAYS_SEARCH_USER_PATHS = NO;
				CLANG_ANALYZER_NONNULL = YES;
				CLANG_ANALYZER_NUMBER_OBJECT_CONVERSION = YES_AGGRESSIVE;
				CLANG_CXX_LANGUAGE_STANDARD = "gnu++17";
				CLANG_ENABLE_MODULES = YES;
				CLANG_ENABLE_OBJC_ARC = YES;
				CLANG_ENABLE_OBJC_WEAK = YES;
				CLANG_WARN_BLOCK_CAPTURE_AUTORELEASING = YES;
				CLANG_WARN_BOOL_CONVERSION = YES;
				CLANG_WARN_COMMA = YES;
				CLANG_WARN_CONSTANT_CONVERSION = YES;
				CLANG_WARN_DEPRECATED_OBJC_IMPLEMENTATIONS = YES;
				CLANG_WARN_DIRECT_OBJC_ISA_USAGE = YES_ERROR;
				CLANG_WARN_DOCUMENTATION_COMMENTS = YES;
				CLANG_WARN_EMPTY_BODY = YES;
				CLANG_WARN_ENUM_CONVERSION = YES;
				CLANG_WARN_INFINITE_RECURSION = YES;
				CLANG_WARN_INT_CONVERSION = YES;
				CLANG_WARN_NON_LITERAL_NULL_CONVERSION = YES;
				CLANG_WARN_OBJC_IMPLICIT_RETAIN_SELF = YES;
				CLANG_WARN_OBJC_LITERAL_CONVERSION = YES;
				CLANG_WARN_OBJC_ROOT_CLASS = YES_ERROR;
				CLANG_WARN_QUOTED_INCLUDE_IN_FRAMEWORK_HEADER = YES;
				CLANG_WARN_RANGE_LOOP_ANALYSIS = YES;
				CLANG_WARN_STRICT_PROTOTYPES = YES;
				CLANG_WARN_SUSPICIOUS_MOVE = YES;
				CLANG_WARN_UNGUARDED_AVAILABILITY = YES_AGGRESSIVE;
				CLANG_WARN_UNREACHABLE_CODE = YES;
				CLANG_WARN__DUPLICATE_METHOD_MATCH = YES;
				COPY_PHASE_STRIP = NO;
				DEBUG_INFORMATION_FORMAT = dwarf;
				ENABLE_STRICT_OBJC_MSGSEND = YES;
				ENABLE_TESTABILITY = YES;
				GCC_C_LANGUAGE_STANDARD = gnu11;
				GCC_DYNAMIC_NO_PIC = NO;
				GCC_NO_COMMON_BLOCKS = YES;
				GCC_OPTIMIZATION_LEVEL = 0;
				GCC_PREPROCESSOR_DEFINITIONS = (
					"DEBUG=1",
					"$(inherited)",
				);
				GCC_WARN_64_TO_32_BIT_CONVERSION = YES;
				GCC_WARN_ABOUT_RETURN_TYPE = YES_ERROR;
				GCC_WARN_UNDECLARED_SELECTOR = YES;
				GCC_WARN_UNINITIALIZED_AUTOS = YES_AGGRESSIVE;
				GCC_WARN_UNUSED_FUNCTION = YES;
				GCC_WARN_UNUSED_VARIABLE = YES;
				IPHONEOS_DEPLOYMENT_TARGET = 15.4;
				MTL_ENABLE_DEBUG_INFO = INCLUDE_SOURCE;
				MTL_FAST_MATH = YES;
				ONLY_ACTIVE_ARCH = YES;
				SDKROOT = iphoneos;
				SWIFT_ACTIVE_COMPILATION_CONDITIONS = DEBUG;
				SWIFT_OPTIMIZATION_LEVEL = "-Onone";
			};
			name = Debug;
		};
		FFC0FA9027F99FF900EA8B2B /* Release */ = {
			isa = XCBuildConfiguration;
			buildSettings = {
				ALWAYS_SEARCH_USER_PATHS = NO;
				CLANG_ANALYZER_NONNULL = YES;
				CLANG_ANALYZER_NUMBER_OBJECT_CONVERSION = YES_AGGRESSIVE;
				CLANG_CXX_LANGUAGE_STANDARD = "gnu++17";
				CLANG_ENABLE_MODULES = YES;
				CLANG_ENABLE_OBJC_ARC = YES;
				CLANG_ENABLE_OBJC_WEAK = YES;
				CLANG_WARN_BLOCK_CAPTURE_AUTORELEASING = YES;
				CLANG_WARN_BOOL_CONVERSION = YES;
				CLANG_WARN_COMMA = YES;
				CLANG_WARN_CONSTANT_CONVERSION = YES;
				CLANG_WARN_DEPRECATED_OBJC_IMPLEMENTATIONS = YES;
				CLANG_WARN_DIRECT_OBJC_ISA_USAGE = YES_ERROR;
				CLANG_WARN_DOCUMENTATION_COMMENTS = YES;
				CLANG_WARN_EMPTY_BODY = YES;
				CLANG_WARN_ENUM_CONVERSION = YES;
				CLANG_WARN_INFINITE_RECURSION = YES;
				CLANG_WARN_INT_CONVERSION = YES;
				CLANG_WARN_NON_LITERAL_NULL_CONVERSION = YES;
				CLANG_WARN_OBJC_IMPLICIT_RETAIN_SELF = YES;
				CLANG_WARN_OBJC_LITERAL_CONVERSION = YES;
				CLANG_WARN_OBJC_ROOT_CLASS = YES_ERROR;
				CLANG_WARN_QUOTED_INCLUDE_IN_FRAMEWORK_HEADER = YES;
				CLANG_WARN_RANGE_LOOP_ANALYSIS = YES;
				CLANG_WARN_STRICT_PROTOTYPES = YES;
				CLANG_WARN_SUSPICIOUS_MOVE = YES;
				CLANG_WARN_UNGUARDED_AVAILABILITY = YES_AGGRESSIVE;
				CLANG_WARN_UNREACHABLE_CODE = YES;
				CLANG_WARN__DUPLICATE_METHOD_MATCH = YES;
				COPY_PHASE_STRIP = NO;
				DEBUG_INFORMATION_FORMAT = "dwarf-with-dsym";
				ENABLE_NS_ASSERTIONS = NO;
				ENABLE_STRICT_OBJC_MSGSEND = YES;
				GCC_C_LANGUAGE_STANDARD = gnu11;
				GCC_NO_COMMON_BLOCKS = YES;
				GCC_WARN_64_TO_32_BIT_CONVERSION = YES;
				GCC_WARN_ABOUT_RETURN_TYPE = YES_ERROR;
				GCC_WARN_UNDECLARED_SELECTOR = YES;
				GCC_WARN_UNINITIALIZED_AUTOS = YES_AGGRESSIVE;
				GCC_WARN_UNUSED_FUNCTION = YES;
				GCC_WARN_UNUSED_VARIABLE = YES;
				IPHONEOS_DEPLOYMENT_TARGET = 15.4;
				MTL_ENABLE_DEBUG_INFO = NO;
				MTL_FAST_MATH = YES;
				SDKROOT = iphoneos;
				SWIFT_COMPILATION_MODE = wholemodule;
				SWIFT_OPTIMIZATION_LEVEL = "-O";
				VALIDATE_PRODUCT = YES;
			};
			name = Release;
		};
		FFC0FA9227F99FF900EA8B2B /* Debug */ = {
			isa = XCBuildConfiguration;
			buildSettings = {
				ASSETCATALOG_COMPILER_APPICON_NAME = AppIcon;
				ASSETCATALOG_COMPILER_GLOBAL_ACCENT_COLOR_NAME = AccentColor;
				CODE_SIGN_STYLE = Automatic;
				CURRENT_PROJECT_VERSION = 1;
				DEVELOPMENT_ASSET_PATHS = "\"NewsApiCategory-SwiftUI/Preview Content\"";
				DEVELOPMENT_TEAM = M9MHSW8NNM;
				ENABLE_PREVIEWS = YES;
				GENERATE_INFOPLIST_FILE = YES;
				INFOPLIST_KEY_UIApplicationSceneManifest_Generation = YES;
				INFOPLIST_KEY_UIApplicationSupportsIndirectInputEvents = YES;
				INFOPLIST_KEY_UILaunchScreen_Generation = YES;
				INFOPLIST_KEY_UISupportedInterfaceOrientations_iPad = "UIInterfaceOrientationPortrait UIInterfaceOrientationPortraitUpsideDown UIInterfaceOrientationLandscapeLeft UIInterfaceOrientationLandscapeRight";
				INFOPLIST_KEY_UISupportedInterfaceOrientations_iPhone = "UIInterfaceOrientationPortrait UIInterfaceOrientationLandscapeLeft UIInterfaceOrientationLandscapeRight";
				LD_RUNPATH_SEARCH_PATHS = (
					"$(inherited)",
					"@executable_path/Frameworks",
				);
				MARKETING_VERSION = 1.0;
				PRODUCT_BUNDLE_IDENTIFIER = "kaan.NewsApiCategory-SwiftUI";
				PRODUCT_NAME = "$(TARGET_NAME)";
				SWIFT_EMIT_LOC_STRINGS = YES;
				SWIFT_VERSION = 5.0;
				TARGETED_DEVICE_FAMILY = "1,2";
			};
			name = Debug;
		};
		FFC0FA9327F99FF900EA8B2B /* Release */ = {
			isa = XCBuildConfiguration;
			buildSettings = {
				ASSETCATALOG_COMPILER_APPICON_NAME = AppIcon;
				ASSETCATALOG_COMPILER_GLOBAL_ACCENT_COLOR_NAME = AccentColor;
				CODE_SIGN_STYLE = Automatic;
				CURRENT_PROJECT_VERSION = 1;
				DEVELOPMENT_ASSET_PATHS = "\"NewsApiCategory-SwiftUI/Preview Content\"";
				DEVELOPMENT_TEAM = M9MHSW8NNM;
				ENABLE_PREVIEWS = YES;
				GENERATE_INFOPLIST_FILE = YES;
				INFOPLIST_KEY_UIApplicationSceneManifest_Generation = YES;
				INFOPLIST_KEY_UIApplicationSupportsIndirectInputEvents = YES;
				INFOPLIST_KEY_UILaunchScreen_Generation = YES;
				INFOPLIST_KEY_UISupportedInterfaceOrientations_iPad = "UIInterfaceOrientationPortrait UIInterfaceOrientationPortraitUpsideDown UIInterfaceOrientationLandscapeLeft UIInterfaceOrientationLandscapeRight";
				INFOPLIST_KEY_UISupportedInterfaceOrientations_iPhone = "UIInterfaceOrientationPortrait UIInterfaceOrientationLandscapeLeft UIInterfaceOrientationLandscapeRight";
				LD_RUNPATH_SEARCH_PATHS = (
					"$(inherited)",
					"@executable_path/Frameworks",
				);
				MARKETING_VERSION = 1.0;
				PRODUCT_BUNDLE_IDENTIFIER = "kaan.NewsApiCategory-SwiftUI";
				PRODUCT_NAME = "$(TARGET_NAME)";
				SWIFT_EMIT_LOC_STRINGS = YES;
				SWIFT_VERSION = 5.0;
				TARGETED_DEVICE_FAMILY = "1,2";
			};
			name = Release;
		};
/* End XCBuildConfiguration section */

/* Begin XCConfigurationList section */
		FFC0FA7E27F99FF900EA8B2B /* Build configuration list for PBXProject "NewsApiCategory-SwiftUI" */ = {
			isa = XCConfigurationList;
			buildConfigurations = (
				FFC0FA8F27F99FF900EA8B2B /* Debug */,
				FFC0FA9027F99FF900EA8B2B /* Release */,
			);
			defaultConfigurationIsVisible = 0;
			defaultConfigurationName = Release;
		};
		FFC0FA9127F99FF900EA8B2B /* Build configuration list for PBXNativeTarget "NewsApiCategory-SwiftUI" */ = {
			isa = XCConfigurationList;
			buildConfigurations = (
				FFC0FA9227F99FF900EA8B2B /* Debug */,
				FFC0FA9327F99FF900EA8B2B /* Release */,
			);
			defaultConfigurationIsVisible = 0;
			defaultConfigurationName = Release;
		};
/* End XCConfigurationList section */

/* Begin XCRemoteSwiftPackageReference section */
		FFC0FAA127F9A32A00EA8B2B /* XCRemoteSwiftPackageReference "SDWebImageSwiftUI" */ = {
			isa = XCRemoteSwiftPackageReference;
			repositoryURL = "https://github.com/SDWebImage/SDWebImageSwiftUI";
			requirement = {
				branch = master;
				kind = branch;
			};
		};
/* End XCRemoteSwiftPackageReference section */

/* Begin XCSwiftPackageProductDependency section */
		FFC0FAA227F9A32A00EA8B2B /* SDWebImageSwiftUI */ = {
			isa = XCSwiftPackageProductDependency;
			package = FFC0FAA127F9A32A00EA8B2B /* XCRemoteSwiftPackageReference "SDWebImageSwiftUI" */;
			productName = SDWebImageSwiftUI;
		};
/* End XCSwiftPackageProductDependency section */
	};
	rootObject = FFC0FA7B27F99FF900EA8B2B /* Project object */;
}
